
Microsoft Visual Studio Solution File, Format Version 12.00
# Visual Studio Version 16
VisualStudioVersion = 16.0.30330.147
MinimumVisualStudioVersion = 10.0.40219.1
Project("{9A19103F-16F7-4668-BE54-9A1E7A4F7556}") = "Task_0_EPAM", "Tasks_EPAM\Task_0_EPAM.csproj", "{8E8A868B-F65C-4A47-B5E8-F001D8580415}"
EndProject
Project("{9A19103F-16F7-4668-BE54-9A1E7A4F7556}") = "Task_1_EPAM", "Task_1_EPAM\Task_1_EPAM.csproj", "{077BC5A4-AF27-4E98-9355-98832EDB8F4F}"
EndProject
Project("{FAE04EC0-301F-11D3-BF4B-00C04F79EFBC}") = "Task_2__EPAM", "Task_2__EPAM\Task_2__EPAM.csproj", "{66DEA5BC-8984-4EB4-ACAD-6C43BA48B442}"
EndProject
Global
	GlobalSection(SolutionConfigurationPlatforms) = preSolution
		Debug|Any CPU = Debug|Any CPU
		Release|Any CPU = Release|Any CPU
	EndGlobalSection
	GlobalSection(ProjectConfigurationPlatforms) = postSolution
		{8E8A868B-F65C-4A47-B5E8-F001D8580415}.Debug|Any CPU.ActiveCfg = Debug|Any CPU
		{8E8A868B-F65C-4A47-B5E8-F001D8580415}.Debug|Any CPU.Build.0 = Debug|Any CPU
		{8E8A868B-F65C-4A47-B5E8-F001D8580415}.Release|Any CPU.ActiveCfg = Release|Any CPU
		{8E8A868B-F65C-4A47-B5E8-F001D8580415}.Release|Any CPU.Build.0 = Release|Any CPU
		{077BC5A4-AF27-4E98-9355-98832EDB8F4F}.Debug|Any CPU.ActiveCfg = Debug|Any CPU
		{077BC5A4-AF27-4E98-9355-98832EDB8F4F}.Debug|Any CPU.Build.0 = Debug|Any CPU
		{077BC5A4-AF27-4E98-9355-98832EDB8F4F}.Release|Any CPU.ActiveCfg = Release|Any CPU
		{077BC5A4-AF27-4E98-9355-98832EDB8F4F}.Release|Any CPU.Build.0 = Release|Any CPU
		{66DEA5BC-8984-4EB4-ACAD-6C43BA48B442}.Debug|Any CPU.ActiveCfg = Debug|Any CPU
		{66DEA5BC-8984-4EB4-ACAD-6C43BA48B442}.Debug|Any CPU.Build.0 = Debug|Any CPU
		{66DEA5BC-8984-4EB4-ACAD-6C43BA48B442}.Release|Any CPU.ActiveCfg = Release|Any CPU
		{66DEA5BC-8984-4EB4-ACAD-6C43BA48B442}.Release|Any CPU.Build.0 = Release|Any CPU
	EndGlobalSection
	GlobalSection(SolutionProperties) = preSolution
		HideSolutionNode = FALSE
	EndGlobalSection
	GlobalSection(ExtensibilityGlobals) = postSolution
		SolutionGuid = {34C24860-6204-4B26-AB77-C5F2BB24B357}
	EndGlobalSection
EndGlobal
