
Microsoft Visual Studio Solution File, Format Version 12.00
# Visual Studio Version 16
VisualStudioVersion = 16.0.30330.147
MinimumVisualStudioVersion = 10.0.40219.1
Project("{FAE04EC0-301F-11D3-BF4B-00C04F79EFBC}") = "Task_0_EPAM", "Tasks_EPAM\Task_0_EPAM.csproj", "{8E8A868B-F65C-4A47-B5E8-F001D8580415}"
EndProject
Global
	GlobalSection(SolutionConfigurationPlatforms) = preSolution
		Debug|Any CPU = Debug|Any CPU
		Release|Any CPU = Release|Any CPU
	EndGlobalSection
	GlobalSection(ProjectConfigurationPlatforms) = postSolution
		{8E8A868B-F65C-4A47-B5E8-F001D8580415}.Debug|Any CPU.ActiveCfg = Debug|Any CPU
		{8E8A868B-F65C-4A47-B5E8-F001D8580415}.Debug|Any CPU.Build.0 = Debug|Any CPU
		{8E8A868B-F65C-4A47-B5E8-F001D8580415}.Release|Any CPU.ActiveCfg = Release|Any CPU
		{8E8A868B-F65C-4A47-B5E8-F001D8580415}.Release|Any CPU.Build.0 = Release|Any CPU
	EndGlobalSection
	GlobalSection(SolutionProperties) = preSolution
		HideSolutionNode = FALSE
	EndGlobalSection
	GlobalSection(ExtensibilityGlobals) = postSolution
		SolutionGuid = {34C24860-6204-4B26-AB77-C5F2BB24B357}
	EndGlobalSection
EndGlobal
